
Microsoft Visual Studio Solution File, Format Version 12.00
# Visual Studio Version 17
VisualStudioVersion = 17.0.31903.59
MinimumVisualStudioVersion = 10.0.40219.1
Project("{2150E333-8FDC-42A3-9474-1A3956D46DE8}") = "src", "src", "{827E0CD3-B72D-47B6-A68D-7590B98EB39B}"
EndProject
Project("{FAE04EC0-301F-11D3-BF4B-00C04F79EFBC}") = "ApiGateway", "src\ApiGateway\ApiGateway.csproj", "{E0E408CE-CA19-433E-BFDE-2E3941EA1A86}"
EndProject
Project("{2150E333-8FDC-42A3-9474-1A3956D46DE8}") = "Services", "Services", "{984BB9B3-3FA3-BE33-9484-CAC21695A33C}"
EndProject
Project("{2150E333-8FDC-42A3-9474-1A3956D46DE8}") = "CollectionService", "CollectionService", "{E43D81C9-23BD-CF84-BC9F-734B4E06D465}"
EndProject
Project("{FAE04EC0-301F-11D3-BF4B-00C04F79EFBC}") = "CollectionService.Api", "src\Services\CollectionService\CollectionService.Api\CollectionService.Api.csproj", "{E1DC9C6E-7719-450E-A3D9-CC4EE9B11E3D}"
EndProject
Project("{FAE04EC0-301F-11D3-BF4B-00C04F79EFBC}") = "CollectionService.Application", "src\Services\CollectionService\CollectionService.Application\CollectionService.Application.csproj", "{85988526-2BC1-465C-8A77-21BB5D5F223B}"
EndProject
Project("{FAE04EC0-301F-11D3-BF4B-00C04F79EFBC}") = "CollectionService.Domain", "src\Services\CollectionService\CollectionService.Domain\CollectionService.Domain.csproj", "{202B53A8-7052-492C-9DBA-28D59ACDF845}"
EndProject
Project("{FAE04EC0-301F-11D3-BF4B-00C04F79EFBC}") = "CollectionService.Infrastructure", "src\Services\CollectionService\CollectionService.Infrastructure\CollectionService.Infrastructure.csproj", "{4CF878AC-9E61-4C3C-98B3-E0E75288C1E5}"
EndProject
Project("{2150E333-8FDC-42A3-9474-1A3956D46DE8}") = "EngagementService", "EngagementService", "{DD716F97-7DF5-984A-F362-05424E276FF0}"
EndProject
Project("{FAE04EC0-301F-11D3-BF4B-00C04F79EFBC}") = "EngagementService.Api", "src\Services\EngagementService\EngagementService.Api\EngagementService.Api.csproj", "{DD2F3497-C799-4538-AEE8-413791BBEB70}"
EndProject
Project("{FAE04EC0-301F-11D3-BF4B-00C04F79EFBC}") = "EngagementService.Application", "src\Services\EngagementService\EngagementService.Application\EngagementService.Application.csproj", "{B2CA6239-24FD-4091-8E58-DA30386F51FA}"
EndProject
Project("{FAE04EC0-301F-11D3-BF4B-00C04F79EFBC}") = "EngagementService.Domain", "src\Services\EngagementService\EngagementService.Domain\EngagementService.Domain.csproj", "{46B4BA4B-E522-4473-BEEB-2CD5860E0AFF}"
EndProject
Project("{FAE04EC0-301F-11D3-BF4B-00C04F79EFBC}") = "EngagementService.Infrastructure", "src\Services\EngagementService\EngagementService.Infrastructure\EngagementService.Infrastructure.csproj", "{5CA79301-7461-4278-B95E-99D77CC3B302}"
EndProject
Project("{2150E333-8FDC-42A3-9474-1A3956D46DE8}") = "IdentityService", "IdentityService", "{3D2E8631-8982-4CD8-85A8-437089729894}"
EndProject
Project("{FAE04EC0-301F-11D3-BF4B-00C04F79EFBC}") = "IdentityService.Api", "src\Services\IdentityService\IdentityService.Api\IdentityService.Api.csproj", "{A04ABCBF-ED3D-44A7-B336-05D96AF82545}"
EndProject
Project("{FAE04EC0-301F-11D3-BF4B-00C04F79EFBC}") = "IdentityService.Application", "src\Services\IdentityService\IdentityService.Application\IdentityService.Application.csproj", "{D49E3ADA-33E1-4262-A187-9F1983004DB0}"
EndProject
Project("{FAE04EC0-301F-11D3-BF4B-00C04F79EFBC}") = "IdentityService.Domain", "src\Services\IdentityService\IdentityService.Domain\IdentityService.Domain.csproj", "{591D4B51-FE04-4402-A37E-AD3F9A3AB0CF}"
EndProject
Project("{FAE04EC0-301F-11D3-BF4B-00C04F79EFBC}") = "IdentityService.Infrastructure", "src\Services\IdentityService\IdentityService.Infrastructure\IdentityService.Infrastructure.csproj", "{7CC8C695-B2BE-44D9-B647-706BD819AEF1}"
EndProject
Project("{2150E333-8FDC-42A3-9474-1A3956D46DE8}") = "WasteReportService", "WasteReportService", "{BFD8F669-A93E-7FE0-0578-3C1AF06DC574}"
EndProject
Project("{FAE04EC0-301F-11D3-BF4B-00C04F79EFBC}") = "WasteReportService.Api", "src\Services\WasteReportService\WasteReportService.Api\WasteReportService.Api.csproj", "{40745C3D-097B-4B30-9549-03D9BDE80725}"
EndProject
Project("{FAE04EC0-301F-11D3-BF4B-00C04F79EFBC}") = "WasteReportService.Application", "src\Services\WasteReportService\WasteReportService.Application\WasteReportService.Application.csproj", "{B7745B0B-E93C-4886-8405-C234552C26CA}"
EndProject
Project("{FAE04EC0-301F-11D3-BF4B-00C04F79EFBC}") = "WasteReportService.Domain", "src\Services\WasteReportService\WasteReportService.Domain\WasteReportService.Domain.csproj", "{5161D1E0-7121-4175-8EDE-C9F93DE67438}"
EndProject
Project("{FAE04EC0-301F-11D3-BF4B-00C04F79EFBC}") = "WasteReportService.Infrastructure", "src\Services\WasteReportService\WasteReportService.Infrastructure\WasteReportService.Infrastructure.csproj", "{76DBCCA7-265B-4237-BA17-A6536031DF31}"
EndProject
Project("{2150E333-8FDC-42A3-9474-1A3956D46DE8}") = "Shared", "Shared", "{C8E42992-5E42-0C2B-DBFE-AA848D06431C}"
EndProject
Project("{FAE04EC0-301F-11D3-BF4B-00C04F79EFBC}") = "Contracts", "src\Shared\Contracts\Contracts.csproj", "{ED81F3AD-ECC3-4FB7-97AC-9FCE0478B9B8}"
EndProject
Project("{FAE04EC0-301F-11D3-BF4B-00C04F79EFBC}") = "EventBus", "src\Shared\EventBus\EventBus.csproj", "{B84DDC61-25AF-4656-AEF2-60F2A3C0FFFE}"
EndProject
Project("{FAE04EC0-301F-11D3-BF4B-00C04F79EFBC}") = "SharedKernel", "src\Shared\SharedKernel\SharedKernel.csproj", "{6125C1BC-86AA-4E55-8069-D92C1BB6990C}"
EndProject
Global
	GlobalSection(SolutionConfigurationPlatforms) = preSolution
		Debug|Any CPU = Debug|Any CPU
		Debug|x64 = Debug|x64
		Debug|x86 = Debug|x86
		Release|Any CPU = Release|Any CPU
		Release|x64 = Release|x64
		Release|x86 = Release|x86
	EndGlobalSection
	GlobalSection(ProjectConfigurationPlatforms) = postSolution
		{E0E408CE-CA19-433E-BFDE-2E3941EA1A86}.Debug|Any CPU.ActiveCfg = Debug|Any CPU
		{E0E408CE-CA19-433E-BFDE-2E3941EA1A86}.Debug|Any CPU.Build.0 = Debug|Any CPU
		{E0E408CE-CA19-433E-BFDE-2E3941EA1A86}.Debug|x64.ActiveCfg = Debug|Any CPU
		{E0E408CE-CA19-433E-BFDE-2E3941EA1A86}.Debug|x64.Build.0 = Debug|Any CPU
		{E0E408CE-CA19-433E-BFDE-2E3941EA1A86}.Debug|x86.ActiveCfg = Debug|Any CPU
		{E0E408CE-CA19-433E-BFDE-2E3941EA1A86}.Debug|x86.Build.0 = Debug|Any CPU
		{E0E408CE-CA19-433E-BFDE-2E3941EA1A86}.Release|Any CPU.ActiveCfg = Release|Any CPU
		{E0E408CE-CA19-433E-BFDE-2E3941EA1A86}.Release|Any CPU.Build.0 = Release|Any CPU
		{E0E408CE-CA19-433E-BFDE-2E3941EA1A86}.Release|x64.ActiveCfg = Release|Any CPU
		{E0E408CE-CA19-433E-BFDE-2E3941EA1A86}.Release|x64.Build.0 = Release|Any CPU
		{E0E408CE-CA19-433E-BFDE-2E3941EA1A86}.Release|x86.ActiveCfg = Release|Any CPU
		{E0E408CE-CA19-433E-BFDE-2E3941EA1A86}.Release|x86.Build.0 = Release|Any CPU
		{E1DC9C6E-7719-450E-A3D9-CC4EE9B11E3D}.Debug|Any CPU.ActiveCfg = Debug|Any CPU
		{E1DC9C6E-7719-450E-A3D9-CC4EE9B11E3D}.Debug|Any CPU.Build.0 = Debug|Any CPU
		{E1DC9C6E-7719-450E-A3D9-CC4EE9B11E3D}.Debug|x64.ActiveCfg = Debug|Any CPU
		{E1DC9C6E-7719-450E-A3D9-CC4EE9B11E3D}.Debug|x64.Build.0 = Debug|Any CPU
		{E1DC9C6E-7719-450E-A3D9-CC4EE9B11E3D}.Debug|x86.ActiveCfg = Debug|Any CPU
		{E1DC9C6E-7719-450E-A3D9-CC4EE9B11E3D}.Debug|x86.Build.0 = Debug|Any CPU
		{E1DC9C6E-7719-450E-A3D9-CC4EE9B11E3D}.Release|Any CPU.ActiveCfg = Release|Any CPU
		{E1DC9C6E-7719-450E-A3D9-CC4EE9B11E3D}.Release|Any CPU.Build.0 = Release|Any CPU
		{E1DC9C6E-7719-450E-A3D9-CC4EE9B11E3D}.Release|x64.ActiveCfg = Release|Any CPU
		{E1DC9C6E-7719-450E-A3D9-CC4EE9B11E3D}.Release|x64.Build.0 = Release|Any CPU
		{E1DC9C6E-7719-450E-A3D9-CC4EE9B11E3D}.Release|x86.ActiveCfg = Release|Any CPU
		{E1DC9C6E-7719-450E-A3D9-CC4EE9B11E3D}.Release|x86.Build.0 = Release|Any CPU
		{85988526-2BC1-465C-8A77-21BB5D5F223B}.Debug|Any CPU.ActiveCfg = Debug|Any CPU
		{85988526-2BC1-465C-8A77-21BB5D5F223B}.Debug|Any CPU.Build.0 = Debug|Any CPU
		{85988526-2BC1-465C-8A77-21BB5D5F223B}.Debug|x64.ActiveCfg = Debug|Any CPU
		{85988526-2BC1-465C-8A77-21BB5D5F223B}.Debug|x64.Build.0 = Debug|Any CPU
		{85988526-2BC1-465C-8A77-21BB5D5F223B}.Debug|x86.ActiveCfg = Debug|Any CPU
		{85988526-2BC1-465C-8A77-21BB5D5F223B}.Debug|x86.Build.0 = Debug|Any CPU
		{85988526-2BC1-465C-8A77-21BB5D5F223B}.Release|Any CPU.ActiveCfg = Release|Any CPU
		{85988526-2BC1-465C-8A77-21BB5D5F223B}.Release|Any CPU.Build.0 = Release|Any CPU
		{85988526-2BC1-465C-8A77-21BB5D5F223B}.Release|x64.ActiveCfg = Release|Any CPU
		{85988526-2BC1-465C-8A77-21BB5D5F223B}.Release|x64.Build.0 = Release|Any CPU
		{85988526-2BC1-465C-8A77-21BB5D5F223B}.Release|x86.ActiveCfg = Release|Any CPU
		{85988526-2BC1-465C-8A77-21BB5D5F223B}.Release|x86.Build.0 = Release|Any CPU
		{202B53A8-7052-492C-9DBA-28D59ACDF845}.Debug|Any CPU.ActiveCfg = Debug|Any CPU
		{202B53A8-7052-492C-9DBA-28D59ACDF845}.Debug|Any CPU.Build.0 = Debug|Any CPU
		{202B53A8-7052-492C-9DBA-28D59ACDF845}.Debug|x64.ActiveCfg = Debug|Any CPU
		{202B53A8-7052-492C-9DBA-28D59ACDF845}.Debug|x64.Build.0 = Debug|Any CPU
		{202B53A8-7052-492C-9DBA-28D59ACDF845}.Debug|x86.ActiveCfg = Debug|Any CPU
		{202B53A8-7052-492C-9DBA-28D59ACDF845}.Debug|x86.Build.0 = Debug|Any CPU
		{202B53A8-7052-492C-9DBA-28D59ACDF845}.Release|Any CPU.ActiveCfg = Release|Any CPU
		{202B53A8-7052-492C-9DBA-28D59ACDF845}.Release|Any CPU.Build.0 = Release|Any CPU
		{202B53A8-7052-492C-9DBA-28D59ACDF845}.Release|x64.ActiveCfg = Release|Any CPU
		{202B53A8-7052-492C-9DBA-28D59ACDF845}.Release|x64.Build.0 = Release|Any CPU
		{202B53A8-7052-492C-9DBA-28D59ACDF845}.Release|x86.ActiveCfg = Release|Any CPU
		{202B53A8-7052-492C-9DBA-28D59ACDF845}.Release|x86.Build.0 = Release|Any CPU
		{4CF878AC-9E61-4C3C-98B3-E0E75288C1E5}.Debug|Any CPU.ActiveCfg = Debug|Any CPU
		{4CF878AC-9E61-4C3C-98B3-E0E75288C1E5}.Debug|Any CPU.Build.0 = Debug|Any CPU
		{4CF878AC-9E61-4C3C-98B3-E0E75288C1E5}.Debug|x64.ActiveCfg = Debug|Any CPU
		{4CF878AC-9E61-4C3C-98B3-E0E75288C1E5}.Debug|x64.Build.0 = Debug|Any CPU
		{4CF878AC-9E61-4C3C-98B3-E0E75288C1E5}.Debug|x86.ActiveCfg = Debug|Any CPU
		{4CF878AC-9E61-4C3C-98B3-E0E75288C1E5}.Debug|x86.Build.0 = Debug|Any CPU
		{4CF878AC-9E61-4C3C-98B3-E0E75288C1E5}.Release|Any CPU.ActiveCfg = Release|Any CPU
		{4CF878AC-9E61-4C3C-98B3-E0E75288C1E5}.Release|Any CPU.Build.0 = Release|Any CPU
		{4CF878AC-9E61-4C3C-98B3-E0E75288C1E5}.Release|x64.ActiveCfg = Release|Any CPU
		{4CF878AC-9E61-4C3C-98B3-E0E75288C1E5}.Release|x64.Build.0 = Release|Any CPU
		{4CF878AC-9E61-4C3C-98B3-E0E75288C1E5}.Release|x86.ActiveCfg = Release|Any CPU
		{4CF878AC-9E61-4C3C-98B3-E0E75288C1E5}.Release|x86.Build.0 = Release|Any CPU
		{DD2F3497-C799-4538-AEE8-413791BBEB70}.Debug|Any CPU.ActiveCfg = Debug|Any CPU
		{DD2F3497-C799-4538-AEE8-413791BBEB70}.Debug|Any CPU.Build.0 = Debug|Any CPU
		{DD2F3497-C799-4538-AEE8-413791BBEB70}.Debug|x64.ActiveCfg = Debug|Any CPU
		{DD2F3497-C799-4538-AEE8-413791BBEB70}.Debug|x64.Build.0 = Debug|Any CPU
		{DD2F3497-C799-4538-AEE8-413791BBEB70}.Debug|x86.ActiveCfg = Debug|Any CPU
		{DD2F3497-C799-4538-AEE8-413791BBEB70}.Debug|x86.Build.0 = Debug|Any CPU
		{DD2F3497-C799-4538-AEE8-413791BBEB70}.Release|Any CPU.ActiveCfg = Release|Any CPU
		{DD2F3497-C799-4538-AEE8-413791BBEB70}.Release|Any CPU.Build.0 = Release|Any CPU
		{DD2F3497-C799-4538-AEE8-413791BBEB70}.Release|x64.ActiveCfg = Release|Any CPU
		{DD2F3497-C799-4538-AEE8-413791BBEB70}.Release|x64.Build.0 = Release|Any CPU
		{DD2F3497-C799-4538-AEE8-413791BBEB70}.Release|x86.ActiveCfg = Release|Any CPU
		{DD2F3497-C799-4538-AEE8-413791BBEB70}.Release|x86.Build.0 = Release|Any CPU
		{B2CA6239-24FD-4091-8E58-DA30386F51FA}.Debug|Any CPU.ActiveCfg = Debug|Any CPU
		{B2CA6239-24FD-4091-8E58-DA30386F51FA}.Debug|Any CPU.Build.0 = Debug|Any CPU
		{B2CA6239-24FD-4091-8E58-DA30386F51FA}.Debug|x64.ActiveCfg = Debug|Any CPU
		{B2CA6239-24FD-4091-8E58-DA30386F51FA}.Debug|x64.Build.0 = Debug|Any CPU
		{B2CA6239-24FD-4091-8E58-DA30386F51FA}.Debug|x86.ActiveCfg = Debug|Any CPU
		{B2CA6239-24FD-4091-8E58-DA30386F51FA}.Debug|x86.Build.0 = Debug|Any CPU
		{B2CA6239-24FD-4091-8E58-DA30386F51FA}.Release|Any CPU.ActiveCfg = Release|Any CPU
		{B2CA6239-24FD-4091-8E58-DA30386F51FA}.Release|Any CPU.Build.0 = Release|Any CPU
		{B2CA6239-24FD-4091-8E58-DA30386F51FA}.Release|x64.ActiveCfg = Release|Any CPU
		{B2CA6239-24FD-4091-8E58-DA30386F51FA}.Release|x64.Build.0 = Release|Any CPU
		{B2CA6239-24FD-4091-8E58-DA30386F51FA}.Release|x86.ActiveCfg = Release|Any CPU
		{B2CA6239-24FD-4091-8E58-DA30386F51FA}.Release|x86.Build.0 = Release|Any CPU
		{46B4BA4B-E522-4473-BEEB-2CD5860E0AFF}.Debug|Any CPU.ActiveCfg = Debug|Any CPU
		{46B4BA4B-E522-4473-BEEB-2CD5860E0AFF}.Debug|Any CPU.Build.0 = Debug|Any CPU
		{46B4BA4B-E522-4473-BEEB-2CD5860E0AFF}.Debug|x64.ActiveCfg = Debug|Any CPU
		{46B4BA4B-E522-4473-BEEB-2CD5860E0AFF}.Debug|x64.Build.0 = Debug|Any CPU
		{46B4BA4B-E522-4473-BEEB-2CD5860E0AFF}.Debug|x86.ActiveCfg = Debug|Any CPU
		{46B4BA4B-E522-4473-BEEB-2CD5860E0AFF}.Debug|x86.Build.0 = Debug|Any CPU
		{46B4BA4B-E522-4473-BEEB-2CD5860E0AFF}.Release|Any CPU.ActiveCfg = Release|Any CPU
		{46B4BA4B-E522-4473-BEEB-2CD5860E0AFF}.Release|Any CPU.Build.0 = Release|Any CPU
		{46B4BA4B-E522-4473-BEEB-2CD5860E0AFF}.Release|x64.ActiveCfg = Release|Any CPU
		{46B4BA4B-E522-4473-BEEB-2CD5860E0AFF}.Release|x64.Build.0 = Release|Any CPU
		{46B4BA4B-E522-4473-BEEB-2CD5860E0AFF}.Release|x86.ActiveCfg = Release|Any CPU
		{46B4BA4B-E522-4473-BEEB-2CD5860E0AFF}.Release|x86.Build.0 = Release|Any CPU
		{5CA79301-7461-4278-B95E-99D77CC3B302}.Debug|Any CPU.ActiveCfg = Debug|Any CPU
		{5CA79301-7461-4278-B95E-99D77CC3B302}.Debug|Any CPU.Build.0 = Debug|Any CPU
		{5CA79301-7461-4278-B95E-99D77CC3B302}.Debug|x64.ActiveCfg = Debug|Any CPU
		{5CA79301-7461-4278-B95E-99D77CC3B302}.Debug|x64.Build.0 = Debug|Any CPU
		{5CA79301-7461-4278-B95E-99D77CC3B302}.Debug|x86.ActiveCfg = Debug|Any CPU
		{5CA79301-7461-4278-B95E-99D77CC3B302}.Debug|x86.Build.0 = Debug|Any CPU
		{5CA79301-7461-4278-B95E-99D77CC3B302}.Release|Any CPU.ActiveCfg = Release|Any CPU
		{5CA79301-7461-4278-B95E-99D77CC3B302}.Release|Any CPU.Build.0 = Release|Any CPU
		{5CA79301-7461-4278-B95E-99D77CC3B302}.Release|x64.ActiveCfg = Release|Any CPU
		{5CA79301-7461-4278-B95E-99D77CC3B302}.Release|x64.Build.0 = Release|Any CPU
		{5CA79301-7461-4278-B95E-99D77CC3B302}.Release|x86.ActiveCfg = Release|Any CPU
		{5CA79301-7461-4278-B95E-99D77CC3B302}.Release|x86.Build.0 = Release|Any CPU
		{A04ABCBF-ED3D-44A7-B336-05D96AF82545}.Debug|Any CPU.ActiveCfg = Debug|Any CPU
		{A04ABCBF-ED3D-44A7-B336-05D96AF82545}.Debug|Any CPU.Build.0 = Debug|Any CPU
		{A04ABCBF-ED3D-44A7-B336-05D96AF82545}.Debug|x64.ActiveCfg = Debug|Any CPU
		{A04ABCBF-ED3D-44A7-B336-05D96AF82545}.Debug|x64.Build.0 = Debug|Any CPU
		{A04ABCBF-ED3D-44A7-B336-05D96AF82545}.Debug|x86.ActiveCfg = Debug|Any CPU
		{A04ABCBF-ED3D-44A7-B336-05D96AF82545}.Debug|x86.Build.0 = Debug|Any CPU
		{A04ABCBF-ED3D-44A7-B336-05D96AF82545}.Release|Any CPU.ActiveCfg = Release|Any CPU
		{A04ABCBF-ED3D-44A7-B336-05D96AF82545}.Release|Any CPU.Build.0 = Release|Any CPU
		{A04ABCBF-ED3D-44A7-B336-05D96AF82545}.Release|x64.ActiveCfg = Release|Any CPU
		{A04ABCBF-ED3D-44A7-B336-05D96AF82545}.Release|x64.Build.0 = Release|Any CPU
		{A04ABCBF-ED3D-44A7-B336-05D96AF82545}.Release|x86.ActiveCfg = Release|Any CPU
		{A04ABCBF-ED3D-44A7-B336-05D96AF82545}.Release|x86.Build.0 = Release|Any CPU
		{D49E3ADA-33E1-4262-A187-9F1983004DB0}.Debug|Any CPU.ActiveCfg = Debug|Any CPU
		{D49E3ADA-33E1-4262-A187-9F1983004DB0}.Debug|Any CPU.Build.0 = Debug|Any CPU
		{D49E3ADA-33E1-4262-A187-9F1983004DB0}.Debug|x64.ActiveCfg = Debug|Any CPU
		{D49E3ADA-33E1-4262-A187-9F1983004DB0}.Debug|x64.Build.0 = Debug|Any CPU
		{D49E3ADA-33E1-4262-A187-9F1983004DB0}.Debug|x86.ActiveCfg = Debug|Any CPU
		{D49E3ADA-33E1-4262-A187-9F1983004DB0}.Debug|x86.Build.0 = Debug|Any CPU
		{D49E3ADA-33E1-4262-A187-9F1983004DB0}.Release|Any CPU.ActiveCfg = Release|Any CPU
		{D49E3ADA-33E1-4262-A187-9F1983004DB0}.Release|Any CPU.Build.0 = Release|Any CPU
		{D49E3ADA-33E1-4262-A187-9F1983004DB0}.Release|x64.ActiveCfg = Release|Any CPU
		{D49E3ADA-33E1-4262-A187-9F1983004DB0}.Release|x64.Build.0 = Release|Any CPU
		{D49E3ADA-33E1-4262-A187-9F1983004DB0}.Release|x86.ActiveCfg = Release|Any CPU
		{D49E3ADA-33E1-4262-A187-9F1983004DB0}.Release|x86.Build.0 = Release|Any CPU
		{591D4B51-FE04-4402-A37E-AD3F9A3AB0CF}.Debug|Any CPU.ActiveCfg = Debug|Any CPU
		{591D4B51-FE04-4402-A37E-AD3F9A3AB0CF}.Debug|Any CPU.Build.0 = Debug|Any CPU
		{591D4B51-FE04-4402-A37E-AD3F9A3AB0CF}.Debug|x64.ActiveCfg = Debug|Any CPU
		{591D4B51-FE04-4402-A37E-AD3F9A3AB0CF}.Debug|x64.Build.0 = Debug|Any CPU
		{591D4B51-FE04-4402-A37E-AD3F9A3AB0CF}.Debug|x86.ActiveCfg = Debug|Any CPU
		{591D4B51-FE04-4402-A37E-AD3F9A3AB0CF}.Debug|x86.Build.0 = Debug|Any CPU
		{591D4B51-FE04-4402-A37E-AD3F9A3AB0CF}.Release|Any CPU.ActiveCfg = Release|Any CPU
		{591D4B51-FE04-4402-A37E-AD3F9A3AB0CF}.Release|Any CPU.Build.0 = Release|Any CPU
		{591D4B51-FE04-4402-A37E-AD3F9A3AB0CF}.Release|x64.ActiveCfg = Release|Any CPU
		{591D4B51-FE04-4402-A37E-AD3F9A3AB0CF}.Release|x64.Build.0 = Release|Any CPU
		{591D4B51-FE04-4402-A37E-AD3F9A3AB0CF}.Release|x86.ActiveCfg = Release|Any CPU
		{591D4B51-FE04-4402-A37E-AD3F9A3AB0CF}.Release|x86.Build.0 = Release|Any CPU
		{7CC8C695-B2BE-44D9-B647-706BD819AEF1}.Debug|Any CPU.ActiveCfg = Debug|Any CPU
		{7CC8C695-B2BE-44D9-B647-706BD819AEF1}.Debug|Any CPU.Build.0 = Debug|Any CPU
		{7CC8C695-B2BE-44D9-B647-706BD819AEF1}.Debug|x64.ActiveCfg = Debug|Any CPU
		{7CC8C695-B2BE-44D9-B647-706BD819AEF1}.Debug|x64.Build.0 = Debug|Any CPU
		{7CC8C695-B2BE-44D9-B647-706BD819AEF1}.Debug|x86.ActiveCfg = Debug|Any CPU
		{7CC8C695-B2BE-44D9-B647-706BD819AEF1}.Debug|x86.Build.0 = Debug|Any CPU
		{7CC8C695-B2BE-44D9-B647-706BD819AEF1}.Release|Any CPU.ActiveCfg = Release|Any CPU
		{7CC8C695-B2BE-44D9-B647-706BD819AEF1}.Release|Any CPU.Build.0 = Release|Any CPU
		{7CC8C695-B2BE-44D9-B647-706BD819AEF1}.Release|x64.ActiveCfg = Release|Any CPU
		{7CC8C695-B2BE-44D9-B647-706BD819AEF1}.Release|x64.Build.0 = Release|Any CPU
		{7CC8C695-B2BE-44D9-B647-706BD819AEF1}.Release|x86.ActiveCfg = Release|Any CPU
		{7CC8C695-B2BE-44D9-B647-706BD819AEF1}.Release|x86.Build.0 = Release|Any CPU
		{40745C3D-097B-4B30-9549-03D9BDE80725}.Debug|Any CPU.ActiveCfg = Debug|Any CPU
		{40745C3D-097B-4B30-9549-03D9BDE80725}.Debug|Any CPU.Build.0 = Debug|Any CPU
		{40745C3D-097B-4B30-9549-03D9BDE80725}.Debug|x64.ActiveCfg = Debug|Any CPU
		{40745C3D-097B-4B30-9549-03D9BDE80725}.Debug|x64.Build.0 = Debug|Any CPU
		{40745C3D-097B-4B30-9549-03D9BDE80725}.Debug|x86.ActiveCfg = Debug|Any CPU
		{40745C3D-097B-4B30-9549-03D9BDE80725}.Debug|x86.Build.0 = Debug|Any CPU
		{40745C3D-097B-4B30-9549-03D9BDE80725}.Release|Any CPU.ActiveCfg = Release|Any CPU
		{40745C3D-097B-4B30-9549-03D9BDE80725}.Release|Any CPU.Build.0 = Release|Any CPU
		{40745C3D-097B-4B30-9549-03D9BDE80725}.Release|x64.ActiveCfg = Release|Any CPU
		{40745C3D-097B-4B30-9549-03D9BDE80725}.Release|x64.Build.0 = Release|Any CPU
		{40745C3D-097B-4B30-9549-03D9BDE80725}.Release|x86.ActiveCfg = Release|Any CPU
		{40745C3D-097B-4B30-9549-03D9BDE80725}.Release|x86.Build.0 = Release|Any CPU
		{B7745B0B-E93C-4886-8405-C234552C26CA}.Debug|Any CPU.ActiveCfg = Debug|Any CPU
		{B7745B0B-E93C-4886-8405-C234552C26CA}.Debug|Any CPU.Build.0 = Debug|Any CPU
		{B7745B0B-E93C-4886-8405-C234552C26CA}.Debug|x64.ActiveCfg = Debug|Any CPU
		{B7745B0B-E93C-4886-8405-C234552C26CA}.Debug|x64.Build.0 = Debug|Any CPU
		{B7745B0B-E93C-4886-8405-C234552C26CA}.Debug|x86.ActiveCfg = Debug|Any CPU
		{B7745B0B-E93C-4886-8405-C234552C26CA}.Debug|x86.Build.0 = Debug|Any CPU
		{B7745B0B-E93C-4886-8405-C234552C26CA}.Release|Any CPU.ActiveCfg = Release|Any CPU
		{B7745B0B-E93C-4886-8405-C234552C26CA}.Release|Any CPU.Build.0 = Release|Any CPU
		{B7745B0B-E93C-4886-8405-C234552C26CA}.Release|x64.ActiveCfg = Release|Any CPU
		{B7745B0B-E93C-4886-8405-C234552C26CA}.Release|x64.Build.0 = Release|Any CPU
		{B7745B0B-E93C-4886-8405-C234552C26CA}.Release|x86.ActiveCfg = Release|Any CPU
		{B7745B0B-E93C-4886-8405-C234552C26CA}.Release|x86.Build.0 = Release|Any CPU
		{5161D1E0-7121-4175-8EDE-C9F93DE67438}.Debug|Any CPU.ActiveCfg = Debug|Any CPU
		{5161D1E0-7121-4175-8EDE-C9F93DE67438}.Debug|Any CPU.Build.0 = Debug|Any CPU
		{5161D1E0-7121-4175-8EDE-C9F93DE67438}.Debug|x64.ActiveCfg = Debug|Any CPU
		{5161D1E0-7121-4175-8EDE-C9F93DE67438}.Debug|x64.Build.0 = Debug|Any CPU
		{5161D1E0-7121-4175-8EDE-C9F93DE67438}.Debug|x86.ActiveCfg = Debug|Any CPU
		{5161D1E0-7121-4175-8EDE-C9F93DE67438}.Debug|x86.Build.0 = Debug|Any CPU
		{5161D1E0-7121-4175-8EDE-C9F93DE67438}.Release|Any CPU.ActiveCfg = Release|Any CPU
		{5161D1E0-7121-4175-8EDE-C9F93DE67438}.Release|Any CPU.Build.0 = Release|Any CPU
		{5161D1E0-7121-4175-8EDE-C9F93DE67438}.Release|x64.ActiveCfg = Release|Any CPU
		{5161D1E0-7121-4175-8EDE-C9F93DE67438}.Release|x64.Build.0 = Release|Any CPU
		{5161D1E0-7121-4175-8EDE-C9F93DE67438}.Release|x86.ActiveCfg = Release|Any CPU
		{5161D1E0-7121-4175-8EDE-C9F93DE67438}.Release|x86.Build.0 = Release|Any CPU
		{76DBCCA7-265B-4237-BA17-A6536031DF31}.Debug|Any CPU.ActiveCfg = Debug|Any CPU
		{76DBCCA7-265B-4237-BA17-A6536031DF31}.Debug|Any CPU.Build.0 = Debug|Any CPU
		{76DBCCA7-265B-4237-BA17-A6536031DF31}.Debug|x64.ActiveCfg = Debug|Any CPU
		{76DBCCA7-265B-4237-BA17-A6536031DF31}.Debug|x64.Build.0 = Debug|Any CPU
		{76DBCCA7-265B-4237-BA17-A6536031DF31}.Debug|x86.ActiveCfg = Debug|Any CPU
		{76DBCCA7-265B-4237-BA17-A6536031DF31}.Debug|x86.Build.0 = Debug|Any CPU
		{76DBCCA7-265B-4237-BA17-A6536031DF31}.Release|Any CPU.ActiveCfg = Release|Any CPU
		{76DBCCA7-265B-4237-BA17-A6536031DF31}.Release|Any CPU.Build.0 = Release|Any CPU
		{76DBCCA7-265B-4237-BA17-A6536031DF31}.Release|x64.ActiveCfg = Release|Any CPU
		{76DBCCA7-265B-4237-BA17-A6536031DF31}.Release|x64.Build.0 = Release|Any CPU
		{76DBCCA7-265B-4237-BA17-A6536031DF31}.Release|x86.ActiveCfg = Release|Any CPU
		{76DBCCA7-265B-4237-BA17-A6536031DF31}.Release|x86.Build.0 = Release|Any CPU
		{ED81F3AD-ECC3-4FB7-97AC-9FCE0478B9B8}.Debug|Any CPU.ActiveCfg = Debug|Any CPU
		{ED81F3AD-ECC3-4FB7-97AC-9FCE0478B9B8}.Debug|Any CPU.Build.0 = Debug|Any CPU
		{ED81F3AD-ECC3-4FB7-97AC-9FCE0478B9B8}.Debug|x64.ActiveCfg = Debug|Any CPU
		{ED81F3AD-ECC3-4FB7-97AC-9FCE0478B9B8}.Debug|x64.Build.0 = Debug|Any CPU
		{ED81F3AD-ECC3-4FB7-97AC-9FCE0478B9B8}.Debug|x86.ActiveCfg = Debug|Any CPU
		{ED81F3AD-ECC3-4FB7-97AC-9FCE0478B9B8}.Debug|x86.Build.0 = Debug|Any CPU
		{ED81F3AD-ECC3-4FB7-97AC-9FCE0478B9B8}.Release|Any CPU.ActiveCfg = Release|Any CPU
		{ED81F3AD-ECC3-4FB7-97AC-9FCE0478B9B8}.Release|Any CPU.Build.0 = Release|Any CPU
		{ED81F3AD-ECC3-4FB7-97AC-9FCE0478B9B8}.Release|x64.ActiveCfg = Release|Any CPU
		{ED81F3AD-ECC3-4FB7-97AC-9FCE0478B9B8}.Release|x64.Build.0 = Release|Any CPU
		{ED81F3AD-ECC3-4FB7-97AC-9FCE0478B9B8}.Release|x86.ActiveCfg = Release|Any CPU
		{ED81F3AD-ECC3-4FB7-97AC-9FCE0478B9B8}.Release|x86.Build.0 = Release|Any CPU
		{B84DDC61-25AF-4656-AEF2-60F2A3C0FFFE}.Debug|Any CPU.ActiveCfg = Debug|Any CPU
		{B84DDC61-25AF-4656-AEF2-60F2A3C0FFFE}.Debug|Any CPU.Build.0 = Debug|Any CPU
		{B84DDC61-25AF-4656-AEF2-60F2A3C0FFFE}.Debug|x64.ActiveCfg = Debug|Any CPU
		{B84DDC61-25AF-4656-AEF2-60F2A3C0FFFE}.Debug|x64.Build.0 = Debug|Any CPU
		{B84DDC61-25AF-4656-AEF2-60F2A3C0FFFE}.Debug|x86.ActiveCfg = Debug|Any CPU
		{B84DDC61-25AF-4656-AEF2-60F2A3C0FFFE}.Debug|x86.Build.0 = Debug|Any CPU
		{B84DDC61-25AF-4656-AEF2-60F2A3C0FFFE}.Release|Any CPU.ActiveCfg = Release|Any CPU
		{B84DDC61-25AF-4656-AEF2-60F2A3C0FFFE}.Release|Any CPU.Build.0 = Release|Any CPU
		{B84DDC61-25AF-4656-AEF2-60F2A3C0FFFE}.Release|x64.ActiveCfg = Release|Any CPU
		{B84DDC61-25AF-4656-AEF2-60F2A3C0FFFE}.Release|x64.Build.0 = Release|Any CPU
		{B84DDC61-25AF-4656-AEF2-60F2A3C0FFFE}.Release|x86.ActiveCfg = Release|Any CPU
		{B84DDC61-25AF-4656-AEF2-60F2A3C0FFFE}.Release|x86.Build.0 = Release|Any CPU
		{6125C1BC-86AA-4E55-8069-D92C1BB6990C}.Debug|Any CPU.ActiveCfg = Debug|Any CPU
		{6125C1BC-86AA-4E55-8069-D92C1BB6990C}.Debug|Any CPU.Build.0 = Debug|Any CPU
		{6125C1BC-86AA-4E55-8069-D92C1BB6990C}.Debug|x64.ActiveCfg = Debug|Any CPU
		{6125C1BC-86AA-4E55-8069-D92C1BB6990C}.Debug|x64.Build.0 = Debug|Any CPU
		{6125C1BC-86AA-4E55-8069-D92C1BB6990C}.Debug|x86.ActiveCfg = Debug|Any CPU
		{6125C1BC-86AA-4E55-8069-D92C1BB6990C}.Debug|x86.Build.0 = Debug|Any CPU
		{6125C1BC-86AA-4E55-8069-D92C1BB6990C}.Release|Any CPU.ActiveCfg = Release|Any CPU
		{6125C1BC-86AA-4E55-8069-D92C1BB6990C}.Release|Any CPU.Build.0 = Release|Any CPU
		{6125C1BC-86AA-4E55-8069-D92C1BB6990C}.Release|x64.ActiveCfg = Release|Any CPU
		{6125C1BC-86AA-4E55-8069-D92C1BB6990C}.Release|x64.Build.0 = Release|Any CPU
		{6125C1BC-86AA-4E55-8069-D92C1BB6990C}.Release|x86.ActiveCfg = Release|Any CPU
		{6125C1BC-86AA-4E55-8069-D92C1BB6990C}.Release|x86.Build.0 = Release|Any CPU
	EndGlobalSection
	GlobalSection(SolutionProperties) = preSolution
		HideSolutionNode = FALSE
	EndGlobalSection
	GlobalSection(NestedProjects) = preSolution
		{E0E408CE-CA19-433E-BFDE-2E3941EA1A86} = {827E0CD3-B72D-47B6-A68D-7590B98EB39B}
		{984BB9B3-3FA3-BE33-9484-CAC21695A33C} = {827E0CD3-B72D-47B6-A68D-7590B98EB39B}
		{E43D81C9-23BD-CF84-BC9F-734B4E06D465} = {984BB9B3-3FA3-BE33-9484-CAC21695A33C}
		{E1DC9C6E-7719-450E-A3D9-CC4EE9B11E3D} = {E43D81C9-23BD-CF84-BC9F-734B4E06D465}
		{85988526-2BC1-465C-8A77-21BB5D5F223B} = {E43D81C9-23BD-CF84-BC9F-734B4E06D465}
		{202B53A8-7052-492C-9DBA-28D59ACDF845} = {E43D81C9-23BD-CF84-BC9F-734B4E06D465}
		{4CF878AC-9E61-4C3C-98B3-E0E75288C1E5} = {E43D81C9-23BD-CF84-BC9F-734B4E06D465}
		{DD716F97-7DF5-984A-F362-05424E276FF0} = {984BB9B3-3FA3-BE33-9484-CAC21695A33C}
		{DD2F3497-C799-4538-AEE8-413791BBEB70} = {DD716F97-7DF5-984A-F362-05424E276FF0}
		{B2CA6239-24FD-4091-8E58-DA30386F51FA} = {DD716F97-7DF5-984A-F362-05424E276FF0}
		{46B4BA4B-E522-4473-BEEB-2CD5860E0AFF} = {DD716F97-7DF5-984A-F362-05424E276FF0}
		{5CA79301-7461-4278-B95E-99D77CC3B302} = {DD716F97-7DF5-984A-F362-05424E276FF0}
		{3D2E8631-8982-4CD8-85A8-437089729894} = {984BB9B3-3FA3-BE33-9484-CAC21695A33C}
		{A04ABCBF-ED3D-44A7-B336-05D96AF82545} = {3D2E8631-8982-4CD8-85A8-437089729894}
		{D49E3ADA-33E1-4262-A187-9F1983004DB0} = {3D2E8631-8982-4CD8-85A8-437089729894}
		{591D4B51-FE04-4402-A37E-AD3F9A3AB0CF} = {3D2E8631-8982-4CD8-85A8-437089729894}
		{7CC8C695-B2BE-44D9-B647-706BD819AEF1} = {3D2E8631-8982-4CD8-85A8-437089729894}
		{BFD8F669-A93E-7FE0-0578-3C1AF06DC574} = {984BB9B3-3FA3-BE33-9484-CAC21695A33C}
		{40745C3D-097B-4B30-9549-03D9BDE80725} = {BFD8F669-A93E-7FE0-0578-3C1AF06DC574}
		{B7745B0B-E93C-4886-8405-C234552C26CA} = {BFD8F669-A93E-7FE0-0578-3C1AF06DC574}
		{5161D1E0-7121-4175-8EDE-C9F93DE67438} = {BFD8F669-A93E-7FE0-0578-3C1AF06DC574}
		{76DBCCA7-265B-4237-BA17-A6536031DF31} = {BFD8F669-A93E-7FE0-0578-3C1AF06DC574}
		{C8E42992-5E42-0C2B-DBFE-AA848D06431C} = {827E0CD3-B72D-47B6-A68D-7590B98EB39B}
		{ED81F3AD-ECC3-4FB7-97AC-9FCE0478B9B8} = {C8E42992-5E42-0C2B-DBFE-AA848D06431C}
		{B84DDC61-25AF-4656-AEF2-60F2A3C0FFFE} = {C8E42992-5E42-0C2B-DBFE-AA848D06431C}
		{6125C1BC-86AA-4E55-8069-D92C1BB6990C} = {C8E42992-5E42-0C2B-DBFE-AA848D06431C}
	EndGlobalSection
EndGlobal
